dependencies:
- name: argo-cd
  repository: https://argoproj.github.io/argo-helm
  version: 9.1.4
- name: argocd-apps
  repository: https://argoproj.github.io/argo-helm
  version: 2.0.2
- name: argocd-image-updater
  repository: https://argoproj.github.io/argo-helm
  version: 1.0.1
digest: sha256:c2fa55fb2d9a92756d21b901bf6eacfc5d0f3cd777d2d864431329aaf16f7a3f
generated: "2025-11-23T17:51:32.490054463Z"
